// !$*UTF8*$!
{
	archiveVersion = 1;
	classes = {
	};
	objectVersion = 50;
	objects = {

/* Begin PBXBuildFile section */
		608C219E2205B22E007A2BBC /* AppDelegate.swift in Sources */ = {isa = PBXBuildFile; fileRef = 608C219D2205B22E007A2BBC /* AppDelegate.swift */; };
		608C21A02205B22E007A2BBC /* ViewController.swift in Sources */ = {isa = PBXBuildFile; fileRef = 608C219F2205B22E007A2BBC /* ViewController.swift */; };
		608C21A32205B22F007A2BBC /* Main.storyboard in Resources */ = {isa = PBXBuildFile; fileRef = 608C21A12205B22F007A2BBC /* Main.storyboard */; };
		608C21A52205B231007A2BBC /* Assets.xcassets in Resources */ = {isa = PBXBuildFile; fileRef = 608C21A42205B231007A2BBC /* Assets.xcassets */; };
		608C21A82205B231007A2BBC /* LaunchScreen.storyboard in Resources */ = {isa = PBXBuildFile; fileRef = 608C21A62205B231007A2BBC /* LaunchScreen.storyboard */; };
		608C21B12205BC08007A2BBC /* Canvas.swift in Sources */ = {isa = PBXBuildFile; fileRef = 608C21B02205BC08007A2BBC /* Canvas.swift */; };
/* End PBXBuildFile section */

/* Begin PBXFileReference section */
		608C219A2205B22E007A2BBC /* QuickDrawToy.app */ = {isa = PBXFileReference; explicitFileType = wrapper.application; includeInIndex = 0; path = QuickDrawToy.app; sourceTree = BUILT_PRODUCTS_DIR; };
		608C219D2205B22E007A2BBC /* AppDelegate.swift */ = {isa = PBXFileReference; lastKnownFileType = sourcecode.swift; path = AppDelegate.swift; sourceTree = "<group>"; };
		608C219F2205B22E007A2BBC /* ViewController.swift */ = {isa = PBXFileReference; lastKnownFileType = sourcecode.swift; path = ViewController.swift; sourceTree = "<group>"; };
		608C21A22205B22F007A2BBC /* Base */ = {isa = PBXFileReference; lastKnownFileType = file.storyboard; name = Base; path = Base.lproj/Main.storyboard; sourceTree = "<group>"; };
		608C21A42205B231007A2BBC /* Assets.xcassets */ = {isa = PBXFileReference; lastKnownFileType = folder.assetcatalog; path = Assets.xcassets; sourceTree = "<group>"; };
		608C21A72205B231007A2BBC /* Base */ = {isa = PBXFileReference; lastKnownFileType = file.storyboard; name = Base; path = Base.lproj/LaunchScreen.storyboard; sourceTree = "<group>"; };
		608C21A92205B231007A2BBC /* Info.plist */ = {isa = PBXFileReference; lastKnownFileType = text.plist.xml; path = Info.plist; sourceTree = "<group>"; };
		608C21B02205BC08007A2BBC /* Canvas.swift */ = {isa = PBXFileReference; lastKnownFileType = sourcecode.swift; path = Canvas.swift; sourceTree = "<group>"; };
/* End PBXFileReference section */

/* Begin PBXFrameworksBuildPhase section */
		608C21972205B22E007A2BBC /* Frameworks */ = {
			isa = PBXFrameworksBuildPhase;
			buildActionMask = 2147483647;
			files = (
			);
			runOnlyForDeploymentPostprocessing = 0;
		};
/* End PBXFrameworksBuildPhase section */

/* Begin PBXGroup section */
		608C21912205B22E007A2BBC = {
			isa = PBXGroup;
			children = (
				608C219C2205B22E007A2BBC /* QuickDrawToy */,
				608C219B2205B22E007A2BBC /* Products */,
			);
			sourceTree = "<group>";
		};
		608C219B2205B22E007A2BBC /* Products */ = {
			isa = PBXGroup;
			children = (
				608C219A2205B22E007A2BBC /* QuickDrawToy.app */,
			);
			name = Products;
			sourceTree = "<group>";
		};
		608C219C2205B22E007A2BBC /* QuickDrawToy */ = {
			isa = PBXGroup;
			children = (
				608C21B22205BC76007A2BBC /* Controller */,
				608C21AF2205BBF6007A2BBC /* Views */,
				608C219D2205B22E007A2BBC /* AppDelegate.swift */,
				608C21A12205B22F007A2BBC /* Main.storyboard */,
				608C21A42205B231007A2BBC /* Assets.xcassets */,
				608C21A62205B231007A2BBC /* LaunchScreen.storyboard */,
				608C21A92205B231007A2BBC /* Info.plist */,
			);
			path = QuickDrawToy;
			sourceTree = "<group>";
		};
		608C21AF2205BBF6007A2BBC /* Views */ = {
			isa = PBXGroup;
			children = (
				608C21B02205BC08007A2BBC /* Canvas.swift */,
			);
			path = Views;
			sourceTree = "<group>";
		};
		608C21B22205BC76007A2BBC /* Controller */ = {
			isa = PBXGroup;
			children = (
				608C219F2205B22E007A2BBC /* ViewController.swift */,
			);
			path = Controller;
			sourceTree = "<group>";
		};
/* End PBXGroup section */

/* Begin PBXNativeTarget section */
		608C21992205B22E007A2BBC /* QuickDrawToy */ = {
			isa = PBXNativeTarget;
			buildConfigurationList = 608C21AC2205B231007A2BBC /* Build configuration list for PBXNativeTarget "QuickDrawToy" */;
			buildPhases = (
				608C21962205B22E007A2BBC /* Sources */,
				608C21972205B22E007A2BBC /* Frameworks */,
				608C21982205B22E007A2BBC /* Resources */,
			);
			buildRules = (
			);
			dependencies = (
			);
			name = QuickDrawToy;
			productName = QuickDrawToy;
			productReference = 608C219A2205B22E007A2BBC /* QuickDrawToy.app */;
			productType = "com.apple.product-type.application";
		};
/* End PBXNativeTarget section */

/* Begin PBXProject section */
		608C21922205B22E007A2BBC /* Project object */ = {
			isa = PBXProject;
			attributes = {
				LastSwiftUpdateCheck = 1000;
				LastUpgradeCheck = 1000;
				ORGANIZATIONNAME = tax_k;
				TargetAttributes = {
					608C21992205B22E007A2BBC = {
						CreatedOnToolsVersion = 10.0;
					};
				};
			};
			buildConfigurationList = 608C21952205B22E007A2BBC /* Build configuration list for PBXProject "QuickDrawToy" */;
			compatibilityVersion = "Xcode 9.3";
			developmentRegion = en;
			hasScannedForEncodings = 0;
			knownRegions = (
				en,
				Base,
			);
			mainGroup = 608C21912205B22E007A2BBC;
			productRefGroup = 608C219B2205B22E007A2BBC /* Products */;
			projectDirPath = "";
			projectRoot = "";
			targets = (
				608C21992205B22E007A2BBC /* QuickDrawToy */,
			);
		};
/* End PBXProject section */

/* Begin PBXResourcesBuildPhase section */
		608C21982205B22E007A2BBC /* Resources */ = {
			isa = PBXResourcesBuildPhase;
			buildActionMask = 2147483647;
			files = (
				608C21A82205B231007A2BBC /* LaunchScreen.storyboard in Resources */,
				608C21A52205B231007A2BBC /* Assets.xcassets in Resources */,
				608C21A32205B22F007A2BBC /* Main.storyboard in Resources */,
			);
			runOnlyForDeploymentPostprocessing = 0;
		};
/* End PBXResourcesBuildPhase section */

/* Begin PBXSourcesBuildPhase section */
		608C21962205B22E007A2BBC /* Sources */ = {
			isa = PBXSourcesBuildPhase;
			buildActionMask = 2147483647;
			files = (
				608C21A02205B22E007A2BBC /* ViewController.swift in Sources */,
				608C219E2205B22E007A2BBC /* AppDelegate.swift in Sources */,
				608C21B12205BC08007A2BBC /* Canvas.swift in Sources */,
			);
			runOnlyForDeploymentPostprocessing = 0;
		};
/* End PBXSourcesBuildPhase section */

/* Begin PBXVariantGroup section */
		608C21A12205B22F007A2BBC /* Main.storyboard */ = {
			isa = PBXVariantGroup;
			children = (
				608C21A22205B22F007A2BBC /* Base */,
			);
			name = Main.storyboard;
			sourceTree = "<group>";
		};
		608C21A62205B231007A2BBC /* LaunchScreen.storyboard */ = {
			isa = PBXVariantGroup;
			children = (
				608C21A72205B231007A2BBC /* Base */,
			);
			name = LaunchScreen.storyboard;
			sourceTree = "<group>";
		};
/* End PBXVariantGroup section */

/* Begin XCBuildConfiguration section */
		608C21AA2205B231007A2BBC /* Debug */ = {
			isa = XCBuildConfiguration;
			buildSettings = {
				ALWAYS_SEARCH_USER_PATHS = NO;
				CLANG_ANALYZER_NONNULL = YES;
				CLANG_ANALYZER_NUMBER_OBJECT_CONVERSION = YES_AGGRESSIVE;
				CLANG_CXX_LANGUAGE_STANDARD = "gnu++14";
				CLANG_CXX_LIBRARY = "libc++";
				CLANG_ENABLE_MODULES = YES;
				CLANG_ENABLE_OBJC_ARC = YES;
				CLANG_ENABLE_OBJC_WEAK = YES;
				CLANG_WARN_BLOCK_CAPTURE_AUTORELEASING = YES;
				CLANG_WARN_BOOL_CONVERSION = YES;
				CLANG_WARN_COMMA = YES;
				CLANG_WARN_CONSTANT_CONVERSION = YES;
				CLANG_WARN_DEPRECATED_OBJC_IMPLEMENTATIONS = YES;
				CLANG_WARN_DIRECT_OBJC_ISA_USAGE = YES_ERROR;
				CLANG_WARN_DOCUMENTATION_COMMENTS = YES;
				CLANG_WARN_EMPTY_BODY = YES;
				CLANG_WARN_ENUM_CONVERSION = YES;
				CLANG_WARN_INFINITE_RECURSION = YES;
				CLANG_WARN_INT_CONVERSION = YES;
				CLANG_WARN_NON_LITERAL_NULL_CONVERSION = YES;
				CLANG_WARN_OBJC_IMPLICIT_RETAIN_SELF = YES;
				CLANG_WARN_OBJC_LITERAL_CONVERSION = YES;
				CLANG_WARN_OBJC_ROOT_CLASS = YES_ERROR;
				CLANG_WARN_RANGE_LOOP_ANALYSIS = YES;
				CLANG_WARN_STRICT_PROTOTYPES = YES;
				CLANG_WARN_SUSPICIOUS_MOVE = YES;
				CLANG_WARN_UNGUARDED_AVAILABILITY = YES_AGGRESSIVE;
				CLANG_WARN_UNREACHABLE_CODE = YES;
				CLANG_WARN__DUPLICATE_METHOD_MATCH = YES;
				CODE_SIGN_IDENTITY = "iPhone Developer";
				COPY_PHASE_STRIP = NO;
				DEBUG_INFORMATION_FORMAT = dwarf;
				ENABLE_STRICT_OBJC_MSGSEND = YES;
				ENABLE_TESTABILITY = YES;
				GCC_C_LANGUAGE_STANDARD = gnu11;
				GCC_DYNAMIC_NO_PIC = NO;
				GCC_NO_COMMON_BLOCKS = YES;
				GCC_OPTIMIZATION_LEVEL = 0;
				GCC_PREPROCESSOR_DEFINITIONS = (
					"DEBUG=1",
					"$(inherited)",
				);
				GCC_WARN_64_TO_32_BIT_CONVERSION = YES;
				GCC_WARN_ABOUT_RETURN_TYPE = YES_ERROR;
				GCC_WARN_UNDECLARED_SELECTOR = YES;
				GCC_WARN_UNINITIALIZED_AUTOS = YES_AGGRESSIVE;
				GCC_WARN_UNUSED_FUNCTION = YES;
				GCC_WARN_UNUSED_VARIABLE = YES;
				IPHONEOS_DEPLOYMENT_TARGET = 12.0;
				MTL_ENABLE_DEBUG_INFO = INCLUDE_SOURCE;
				MTL_FAST_MATH = YES;
				ONLY_ACTIVE_ARCH = YES;
				SDKROOT = iphoneos;
				SWIFT_ACTIVE_COMPILATION_CONDITIONS = DEBUG;
				SWIFT_OPTIMIZATION_LEVEL = "-Onone";
			};
			name = Debug;
		};
		608C21AB2205B231007A2BBC /* Release */ = {
			isa = XCBuildConfiguration;
			buildSettings = {
				ALWAYS_SEARCH_USER_PATHS = NO;
				CLANG_ANALYZER_NONNULL = YES;
				CLANG_ANALYZER_NUMBER_OBJECT_CONVERSION = YES_AGGRESSIVE;
				CLANG_CXX_LANGUAGE_STANDARD = "gnu++14";
				CLANG_CXX_LIBRARY = "libc++";
				CLANG_ENABLE_MODULES = YES;
				CLANG_ENABLE_OBJC_ARC = YES;
				CLANG_ENABLE_OBJC_WEAK = YES;
				CLANG_WARN_BLOCK_CAPTURE_AUTORELEASING = YES;
				CLANG_WARN_BOOL_CONVERSION = YES;
				CLANG_WARN_COMMA = YES;
				CLANG_WARN_CONSTANT_CONVERSION = YES;
				CLANG_WARN_DEPRECATED_OBJC_IMPLEMENTATIONS = YES;
				CLANG_WARN_DIRECT_OBJC_ISA_USAGE = YES_ERROR;
				CLANG_WARN_DOCUMENTATION_COMMENTS = YES;
				CLANG_WARN_EMPTY_BODY = YES;
				CLANG_WARN_ENUM_CONVERSION = YES;
				CLANG_WARN_INFINITE_RECURSION = YES;
				CLANG_WARN_INT_CONVERSION = YES;
				CLANG_WARN_NON_LITERAL_NULL_CONVERSION = YES;
				CLANG_WARN_OBJC_IMPLICIT_RETAIN_SELF = YES;
				CLANG_WARN_OBJC_LITERAL_CONVERSION = YES;
				CLANG_WARN_OBJC_ROOT_CLASS = YES_ERROR;
				CLANG_WARN_RANGE_LOOP_ANALYSIS = YES;
				CLANG_WARN_STRICT_PROTOTYPES = YES;
				CLANG_WARN_SUSPICIOUS_MOVE = YES;
				CLANG_WARN_UNGUARDED_AVAILABILITY = YES_AGGRESSIVE;
				CLANG_WARN_UNREACHABLE_CODE = YES;
				CLANG_WARN__DUPLICATE_METHOD_MATCH = YES;
				CODE_SIGN_IDENTITY = "iPhone Developer";
				COPY_PHASE_STRIP = NO;
				DEBUG_INFORMATION_FORMAT = "dwarf-with-dsym";
				ENABLE_NS_ASSERTIONS = NO;
				ENABLE_STRICT_OBJC_MSGSEND = YES;
				GCC_C_LANGUAGE_STANDARD = gnu11;
				GCC_NO_COMMON_BLOCKS = YES;
				GCC_WARN_64_TO_32_BIT_CONVERSION = YES;
				GCC_WARN_ABOUT_RETURN_TYPE = YES_ERROR;
				GCC_WARN_UNDECLARED_SELECTOR = YES;
				GCC_WARN_UNINITIALIZED_AUTOS = YES_AGGRESSIVE;
				GCC_WARN_UNUSED_FUNCTION = YES;
				GCC_WARN_UNUSED_VARIABLE = YES;
				IPHONEOS_DEPLOYMENT_TARGET = 12.0;
				MTL_ENABLE_DEBUG_INFO = NO;
				MTL_FAST_MATH = YES;
				SDKROOT = iphoneos;
				SWIFT_COMPILATION_MODE = wholemodule;
				SWIFT_OPTIMIZATION_LEVEL = "-O";
				VALIDATE_PRODUCT = YES;
			};
			name = Release;
		};
		608C21AD2205B231007A2BBC /* Debug */ = {
			isa = XCBuildConfiguration;
			buildSettings = {
				ASSETCATALOG_COMPILER_APPICON_NAME = AppIcon;
				CODE_SIGN_STYLE = Automatic;
				DEVELOPMENT_TEAM = 7C5R9X9Z2N;
				INFOPLIST_FILE = QuickDrawToy/Info.plist;
				IPHONEOS_DEPLOYMENT_TARGET = 11.4;
				LD_RUNPATH_SEARCH_PATHS = (
					"$(inherited)",
					"@executable_path/Frameworks",
				);
				PRODUCT_BUNDLE_IDENTIFIER = taxk.QuickDrawToy;
				PRODUCT_NAME = "$(TARGET_NAME)";
				SWIFT_VERSION = 4.2;
				TARGETED_DEVICE_FAMILY = "1,2";
			};
			name = Debug;
		};
		608C21AE2205B231007A2BBC /* Release */ = {
			isa = XCBuildConfiguration;
			buildSettings = {
				ASSETCATALOG_COMPILER_APPICON_NAME = AppIcon;
				CODE_SIGN_STYLE = Automatic;
				DEVELOPMENT_TEAM = 7C5R9X9Z2N;
				INFOPLIST_FILE = QuickDrawToy/Info.plist;
				IPHONEOS_DEPLOYMENT_TARGET = 11.4;
				LD_RUNPATH_SEARCH_PATHS = (
					"$(inherited)",
					"@executable_path/Frameworks",
				);
				PRODUCT_BUNDLE_IDENTIFIER = taxk.QuickDrawToy;
				PRODUCT_NAME = "$(TARGET_NAME)";
				SWIFT_VERSION = 4.2;
				TARGETED_DEVICE_FAMILY = "1,2";
			};
			name = Release;
		};
/* End XCBuildConfiguration section */

/* Begin XCConfigurationList section */
		608C21952205B22E007A2BBC /* Build configuration list for PBXProject "QuickDrawToy" */ = {
			isa = XCConfigurationList;
			buildConfigurations = (
				608C21AA2205B231007A2BBC /* Debug */,
				608C21AB2205B231007A2BBC /* Release */,
			);
			defaultConfigurationIsVisible = 0;
			defaultConfigurationName = Release;
		};
		608C21AC2205B231007A2BBC /* Build configuration list for PBXNativeTarget "QuickDrawToy" */ = {
			isa = XCConfigurationList;
			buildConfigurations = (
				608C21AD2205B231007A2BBC /* Debug */,
				608C21AE2205B231007A2BBC /* Release */,
			);
			defaultConfigurationIsVisible = 0;
			defaultConfigurationName = Release;
		};
/* End XCConfigurationList section */
	};
	rootObject = 608C21922205B22E007A2BBC /* Project object */;
}
